
Microsoft Visual Studio Solution File, Format Version 12.00
# Visual Studio Version 17
VisualStudioVersion = 17.14.36511.14 d17.14
MinimumVisualStudioVersion = 10.0.40219.1
Project("{FAE04EC0-301F-11D3-BF4B-00C04F79EFBC}") = "structures", "structures.csproj", "{36997A8D-0454-4441-823C-A85F77713A84}"
EndProject
Project("{FAE04EC0-301F-11D3-BF4B-00C04F79EFBC}") = "StructureTest", "..\StructureTest\StructureTest.csproj", "{CC52096C-66FC-4CAE-9CB3-366D6C381E0F}"
EndProject
Global
	GlobalSection(SolutionConfigurationPlatforms) = preSolution
		Debug|Any CPU = Debug|Any CPU
		Release|Any CPU = Release|Any CPU
	EndGlobalSection
	GlobalSection(ProjectConfigurationPlatforms) = postSolution
		{36997A8D-0454-4441-823C-A85F77713A84}.Debug|Any CPU.ActiveCfg = Debug|Any CPU
		{36997A8D-0454-4441-823C-A85F77713A84}.Debug|Any CPU.Build.0 = Debug|Any CPU
		{36997A8D-0454-4441-823C-A85F77713A84}.Release|Any CPU.ActiveCfg = Release|Any CPU
		{36997A8D-0454-4441-823C-A85F77713A84}.Release|Any CPU.Build.0 = Release|Any CPU
		{CC52096C-66FC-4CAE-9CB3-366D6C381E0F}.Debug|Any CPU.ActiveCfg = Debug|Any CPU
		{CC52096C-66FC-4CAE-9CB3-366D6C381E0F}.Debug|Any CPU.Build.0 = Debug|Any CPU
		{CC52096C-66FC-4CAE-9CB3-366D6C381E0F}.Release|Any CPU.ActiveCfg = Release|Any CPU
		{CC52096C-66FC-4CAE-9CB3-366D6C381E0F}.Release|Any CPU.Build.0 = Release|Any CPU
	EndGlobalSection
	GlobalSection(SolutionProperties) = preSolution
		HideSolutionNode = FALSE
	EndGlobalSection
	GlobalSection(ExtensibilityGlobals) = postSolution
		SolutionGuid = {7B680B2E-5D94-4FA2-9A1A-8DC823DDB7DC}
	EndGlobalSection
EndGlobal
