
Microsoft Visual Studio Solution File, Format Version 12.00
# Visual Studio Version 17
VisualStudioVersion = 17.14.36511.14 d17.14
MinimumVisualStudioVersion = 10.0.40219.1
Project("{FAE04EC0-301F-11D3-BF4B-00C04F79EFBC}") = "практическое задание", "практическое задание.csproj", "{3756FB1F-C5ED-414A-A63F-08E5824AD581}"
EndProject
Global
	GlobalSection(SolutionConfigurationPlatforms) = preSolution
		Debug|Any CPU = Debug|Any CPU
		Release|Any CPU = Release|Any CPU
	EndGlobalSection
	GlobalSection(ProjectConfigurationPlatforms) = postSolution
		{3756FB1F-C5ED-414A-A63F-08E5824AD581}.Debug|Any CPU.ActiveCfg = Debug|Any CPU
		{3756FB1F-C5ED-414A-A63F-08E5824AD581}.Debug|Any CPU.Build.0 = Debug|Any CPU
		{3756FB1F-C5ED-414A-A63F-08E5824AD581}.Release|Any CPU.ActiveCfg = Release|Any CPU
		{3756FB1F-C5ED-414A-A63F-08E5824AD581}.Release|Any CPU.Build.0 = Release|Any CPU
	EndGlobalSection
	GlobalSection(SolutionProperties) = preSolution
		HideSolutionNode = FALSE
	EndGlobalSection
	GlobalSection(ExtensibilityGlobals) = postSolution
		SolutionGuid = {32B121EE-26E0-4027-BD37-35B63BC683B0}
	EndGlobalSection
EndGlobal
