
Microsoft Visual Studio Solution File, Format Version 12.00
# Visual Studio Version 17
VisualStudioVersion = 17.14.36511.14 d17.14
MinimumVisualStudioVersion = 10.0.40219.1
Project("{FAE04EC0-301F-11D3-BF4B-00C04F79EFBC}") = "task10.5", "task10.5.csproj", "{C095263E-8EDB-4110-A267-6B728ECB2FBB}"
EndProject
Global
	GlobalSection(SolutionConfigurationPlatforms) = preSolution
		Debug|Any CPU = Debug|Any CPU
		Release|Any CPU = Release|Any CPU
	EndGlobalSection
	GlobalSection(ProjectConfigurationPlatforms) = postSolution
		{C095263E-8EDB-4110-A267-6B728ECB2FBB}.Debug|Any CPU.ActiveCfg = Debug|Any CPU
		{C095263E-8EDB-4110-A267-6B728ECB2FBB}.Debug|Any CPU.Build.0 = Debug|Any CPU
		{C095263E-8EDB-4110-A267-6B728ECB2FBB}.Release|Any CPU.ActiveCfg = Release|Any CPU
		{C095263E-8EDB-4110-A267-6B728ECB2FBB}.Release|Any CPU.Build.0 = Release|Any CPU
	EndGlobalSection
	GlobalSection(SolutionProperties) = preSolution
		HideSolutionNode = FALSE
	EndGlobalSection
	GlobalSection(ExtensibilityGlobals) = postSolution
		SolutionGuid = {2DCFF513-801C-4FFA-A80D-D71421C9158F}
	EndGlobalSection
EndGlobal
